
Microsoft Visual Studio Solution File, Format Version 12.00
# Visual Studio Version 16
VisualStudioVersion = 16.0.31424.327
MinimumVisualStudioVersion = 10.0.40219.1
Project("{FAE04EC0-301F-11D3-BF4B-00C04F79EFBC}") = "Lab6", "Lab6.csproj", "{9CDBBB2D-1B09-486A-A772-B70CAC017226}"
EndProject
Global
	GlobalSection(SolutionConfigurationPlatforms) = preSolution
		Debug|Any CPU = Debug|Any CPU
		Release|Any CPU = Release|Any CPU
	EndGlobalSection
	GlobalSection(ProjectConfigurationPlatforms) = postSolution
		{9CDBBB2D-1B09-486A-A772-B70CAC017226}.Debug|Any CPU.ActiveCfg = Debug|Any CPU
		{9CDBBB2D-1B09-486A-A772-B70CAC017226}.Debug|Any CPU.Build.0 = Debug|Any CPU
		{9CDBBB2D-1B09-486A-A772-B70CAC017226}.Release|Any CPU.ActiveCfg = Release|Any CPU
		{9CDBBB2D-1B09-486A-A772-B70CAC017226}.Release|Any CPU.Build.0 = Release|Any CPU
	EndGlobalSection
	GlobalSection(SolutionProperties) = preSolution
		HideSolutionNode = FALSE
	EndGlobalSection
	GlobalSection(ExtensibilityGlobals) = postSolution
		SolutionGuid = {8D795B57-E700-496F-A7C0-791CCE6CD416}
	EndGlobalSection
EndGlobal
